// !$*UTF8*$!
{
	archiveVersion = 1;
	classes = {
	};
	objectVersion = 50;
	objects = {

/* Begin PBXBuildFile section */
		1623CEC5257815EF002466F8 /* ProgressView.swift in Sources */ = {isa = PBXBuildFile; fileRef = 1623CEC4257815EF002466F8 /* ProgressView.swift */; };
		1623CEC925781EC8002466F8 /* ProgressBarView.swift in Sources */ = {isa = PBXBuildFile; fileRef = 1623CEC825781EC8002466F8 /* ProgressBarView.swift */; };
		164669FE2576CE92005CDAE0 /* AnimacionesApp.swift in Sources */ = {isa = PBXBuildFile; fileRef = 164669FD2576CE92005CDAE0 /* AnimacionesApp.swift */; };
		16466A002576CE92005CDAE0 /* ContentView.swift in Sources */ = {isa = PBXBuildFile; fileRef = 164669FF2576CE92005CDAE0 /* ContentView.swift */; };
		16466A022576CE92005CDAE0 /* Assets.xcassets in Resources */ = {isa = PBXBuildFile; fileRef = 16466A012576CE92005CDAE0 /* Assets.xcassets */; };
		16466A052576CE92005CDAE0 /* Preview Assets.xcassets in Resources */ = {isa = PBXBuildFile; fileRef = 16466A042576CE92005CDAE0 /* Preview Assets.xcassets */; };
		166B76B025797BC300910FE8 /* DotLoadingView.swift in Sources */ = {isa = PBXBuildFile; fileRef = 166B76AF25797BC300910FE8 /* DotLoadingView.swift */; };
		16EFC524257EF7A500079D59 /* MorphView.swift in Sources */ = {isa = PBXBuildFile; fileRef = 16EFC523257EF7A500079D59 /* MorphView.swift */; };
		16F5A5BC25773DAC001920F2 /* LoadingView.swift in Sources */ = {isa = PBXBuildFile; fileRef = 16F5A5BB25773DAC001920F2 /* LoadingView.swift */; };
		16F5A5C025774220001920F2 /* RetoBarraCargaView.swift in Sources */ = {isa = PBXBuildFile; fileRef = 16F5A5BF25774220001920F2 /* RetoBarraCargaView.swift */; };
/* End PBXBuildFile section */

/* Begin PBXFileReference section */
		1623CEC4257815EF002466F8 /* ProgressView.swift */ = {isa = PBXFileReference; lastKnownFileType = sourcecode.swift; path = ProgressView.swift; sourceTree = "<group>"; };
		1623CEC825781EC8002466F8 /* ProgressBarView.swift */ = {isa = PBXFileReference; lastKnownFileType = sourcecode.swift; path = ProgressBarView.swift; sourceTree = "<group>"; };
		164669FA2576CE92005CDAE0 /* Animaciones.app */ = {isa = PBXFileReference; explicitFileType = wrapper.application; includeInIndex = 0; path = Animaciones.app; sourceTree = BUILT_PRODUCTS_DIR; };
		164669FD2576CE92005CDAE0 /* AnimacionesApp.swift */ = {isa = PBXFileReference; lastKnownFileType = sourcecode.swift; path = AnimacionesApp.swift; sourceTree = "<group>"; };
		164669FF2576CE92005CDAE0 /* ContentView.swift */ = {isa = PBXFileReference; lastKnownFileType = sourcecode.swift; path = ContentView.swift; sourceTree = "<group>"; };
		16466A012576CE92005CDAE0 /* Assets.xcassets */ = {isa = PBXFileReference; lastKnownFileType = folder.assetcatalog; path = Assets.xcassets; sourceTree = "<group>"; };
		16466A042576CE92005CDAE0 /* Preview Assets.xcassets */ = {isa = PBXFileReference; lastKnownFileType = folder.assetcatalog; path = "Preview Assets.xcassets"; sourceTree = "<group>"; };
		16466A062576CE92005CDAE0 /* Info.plist */ = {isa = PBXFileReference; lastKnownFileType = text.plist.xml; path = Info.plist; sourceTree = "<group>"; };
		166B76AF25797BC300910FE8 /* DotLoadingView.swift */ = {isa = PBXFileReference; lastKnownFileType = sourcecode.swift; path = DotLoadingView.swift; sourceTree = "<group>"; };
		16EFC523257EF7A500079D59 /* MorphView.swift */ = {isa = PBXFileReference; lastKnownFileType = sourcecode.swift; path = MorphView.swift; sourceTree = "<group>"; };
		16F5A5BB25773DAC001920F2 /* LoadingView.swift */ = {isa = PBXFileReference; lastKnownFileType = sourcecode.swift; path = LoadingView.swift; sourceTree = "<group>"; };
		16F5A5BF25774220001920F2 /* RetoBarraCargaView.swift */ = {isa = PBXFileReference; lastKnownFileType = sourcecode.swift; path = RetoBarraCargaView.swift; sourceTree = "<group>"; };
/* End PBXFileReference section */

/* Begin PBXFrameworksBuildPhase section */
		164669F72576CE92005CDAE0 /* Frameworks */ = {
			isa = PBXFrameworksBuildPhase;
			buildActionMask = 2147483647;
			files = (
			);
			runOnlyForDeploymentPostprocessing = 0;
		};
/* End PBXFrameworksBuildPhase section */

/* Begin PBXGroup section */
		164669F12576CE92005CDAE0 = {
			isa = PBXGroup;
			children = (
				164669FC2576CE92005CDAE0 /* Animaciones */,
				164669FB2576CE92005CDAE0 /* Products */,
			);
			sourceTree = "<group>";
		};
		164669FB2576CE92005CDAE0 /* Products */ = {
			isa = PBXGroup;
			children = (
				164669FA2576CE92005CDAE0 /* Animaciones.app */,
			);
			name = Products;
			sourceTree = "<group>";
		};
		164669FC2576CE92005CDAE0 /* Animaciones */ = {
			isa = PBXGroup;
			children = (
				164669FD2576CE92005CDAE0 /* AnimacionesApp.swift */,
				164669FF2576CE92005CDAE0 /* ContentView.swift */,
				16F5A5BB25773DAC001920F2 /* LoadingView.swift */,
				16F5A5BF25774220001920F2 /* RetoBarraCargaView.swift */,
				1623CEC4257815EF002466F8 /* ProgressView.swift */,
				1623CEC825781EC8002466F8 /* ProgressBarView.swift */,
				166B76AF25797BC300910FE8 /* DotLoadingView.swift */,
				16466A012576CE92005CDAE0 /* Assets.xcassets */,
				16466A062576CE92005CDAE0 /* Info.plist */,
				16466A032576CE92005CDAE0 /* Preview Content */,
				16EFC523257EF7A500079D59 /* MorphView.swift */,
			);
			path = Animaciones;
			sourceTree = "<group>";
		};
		16466A032576CE92005CDAE0 /* Preview Content */ = {
			isa = PBXGroup;
			children = (
				16466A042576CE92005CDAE0 /* Preview Assets.xcassets */,
			);
			path = "Preview Content";
			sourceTree = "<group>";
		};
/* End PBXGroup section */

/* Begin PBXNativeTarget section */
		164669F92576CE92005CDAE0 /* Animaciones */ = {
			isa = PBXNativeTarget;
			buildConfigurationList = 16466A092576CE92005CDAE0 /* Build configuration list for PBXNativeTarget "Animaciones" */;
			buildPhases = (
				164669F62576CE92005CDAE0 /* Sources */,
				164669F72576CE92005CDAE0 /* Frameworks */,
				164669F82576CE92005CDAE0 /* Resources */,
			);
			buildRules = (
			);
			dependencies = (
			);
			name = Animaciones;
			productName = Animaciones;
			productReference = 164669FA2576CE92005CDAE0 /* Animaciones.app */;
			productType = "com.apple.product-type.application";
		};
/* End PBXNativeTarget section */

/* Begin PBXProject section */
		164669F22576CE92005CDAE0 /* Project object */ = {
			isa = PBXProject;
			attributes = {
				LastSwiftUpdateCheck = 1220;
				LastUpgradeCheck = 1220;
				TargetAttributes = {
					164669F92576CE92005CDAE0 = {
						CreatedOnToolsVersion = 12.2;
					};
				};
			};
			buildConfigurationList = 164669F52576CE92005CDAE0 /* Build configuration list for PBXProject "Animaciones" */;
			compatibilityVersion = "Xcode 9.3";
			developmentRegion = en;
			hasScannedForEncodings = 0;
			knownRegions = (
				en,
				Base,
			);
			mainGroup = 164669F12576CE92005CDAE0;
			productRefGroup = 164669FB2576CE92005CDAE0 /* Products */;
			projectDirPath = "";
			projectRoot = "";
			targets = (
				164669F92576CE92005CDAE0 /* Animaciones */,
			);
		};
/* End PBXProject section */

/* Begin PBXResourcesBuildPhase section */
		164669F82576CE92005CDAE0 /* Resources */ = {
			isa = PBXResourcesBuildPhase;
			buildActionMask = 2147483647;
			files = (
				16466A052576CE92005CDAE0 /* Preview Assets.xcassets in Resources */,
				16466A022576CE92005CDAE0 /* Assets.xcassets in Resources */,
			);
			runOnlyForDeploymentPostprocessing = 0;
		};
/* End PBXResourcesBuildPhase section */

/* Begin PBXSourcesBuildPhase section */
		164669F62576CE92005CDAE0 /* Sources */ = {
			isa = PBXSourcesBuildPhase;
			buildActionMask = 2147483647;
			files = (
				16466A002576CE92005CDAE0 /* ContentView.swift in Sources */,
				166B76B025797BC300910FE8 /* DotLoadingView.swift in Sources */,
				164669FE2576CE92005CDAE0 /* AnimacionesApp.swift in Sources */,
				16EFC524257EF7A500079D59 /* MorphView.swift in Sources */,
				1623CEC925781EC8002466F8 /* ProgressBarView.swift in Sources */,
				1623CEC5257815EF002466F8 /* ProgressView.swift in Sources */,
				16F5A5C025774220001920F2 /* RetoBarraCargaView.swift in Sources */,
				16F5A5BC25773DAC001920F2 /* LoadingView.swift in Sources */,
			);
			runOnlyForDeploymentPostprocessing = 0;
		};
/* End PBXSourcesBuildPhase section */

/* Begin XCBuildConfiguration section */
		16466A072576CE92005CDAE0 /* Debug */ = {
			isa = XCBuildConfiguration;
			buildSettings = {
				ALWAYS_SEARCH_USER_PATHS = NO;
				CLANG_ANALYZER_NONNULL = YES;
				CLANG_ANALYZER_NUMBER_OBJECT_CONVERSION = YES_AGGRESSIVE;
				CLANG_CXX_LANGUAGE_STANDARD = "gnu++14";
				CLANG_CXX_LIBRARY = "libc++";
				CLANG_ENABLE_MODULES = YES;
				CLANG_ENABLE_OBJC_ARC = YES;
				CLANG_ENABLE_OBJC_WEAK = YES;
				CLANG_WARN_BLOCK_CAPTURE_AUTORELEASING = YES;
				CLANG_WARN_BOOL_CONVERSION = YES;
				CLANG_WARN_COMMA = YES;
				CLANG_WARN_CONSTANT_CONVERSION = YES;
				CLANG_WARN_DEPRECATED_OBJC_IMPLEMENTATIONS = YES;
				CLANG_WARN_DIRECT_OBJC_ISA_USAGE = YES_ERROR;
				CLANG_WARN_DOCUMENTATION_COMMENTS = YES;
				CLANG_WARN_EMPTY_BODY = YES;
				CLANG_WARN_ENUM_CONVERSION = YES;
				CLANG_WARN_INFINITE_RECURSION = YES;
				CLANG_WARN_INT_CONVERSION = YES;
				CLANG_WARN_NON_LITERAL_NULL_CONVERSION = YES;
				CLANG_WARN_OBJC_IMPLICIT_RETAIN_SELF = YES;
				CLANG_WARN_OBJC_LITERAL_CONVERSION = YES;
				CLANG_WARN_OBJC_ROOT_CLASS = YES_ERROR;
				CLANG_WARN_QUOTED_INCLUDE_IN_FRAMEWORK_HEADER = YES;
				CLANG_WARN_RANGE_LOOP_ANALYSIS = YES;
				CLANG_WARN_STRICT_PROTOTYPES = YES;
				CLANG_WARN_SUSPICIOUS_MOVE = YES;
				CLANG_WARN_UNGUARDED_AVAILABILITY = YES_AGGRESSIVE;
				CLANG_WARN_UNREACHABLE_CODE = YES;
				CLANG_WARN__DUPLICATE_METHOD_MATCH = YES;
				COPY_PHASE_STRIP = NO;
				DEBUG_INFORMATION_FORMAT = dwarf;
				ENABLE_STRICT_OBJC_MSGSEND = YES;
				ENABLE_TESTABILITY = YES;
				GCC_C_LANGUAGE_STANDARD = gnu11;
				GCC_DYNAMIC_NO_PIC = NO;
				GCC_NO_COMMON_BLOCKS = YES;
				GCC_OPTIMIZATION_LEVEL = 0;
				GCC_PREPROCESSOR_DEFINITIONS = (
					"DEBUG=1",
					"$(inherited)",
				);
				GCC_WARN_64_TO_32_BIT_CONVERSION = YES;
				GCC_WARN_ABOUT_RETURN_TYPE = YES_ERROR;
				GCC_WARN_UNDECLARED_SELECTOR = YES;
				GCC_WARN_UNINITIALIZED_AUTOS = YES_AGGRESSIVE;
				GCC_WARN_UNUSED_FUNCTION = YES;
				GCC_WARN_UNUSED_VARIABLE = YES;
				IPHONEOS_DEPLOYMENT_TARGET = 14.2;
				MTL_ENABLE_DEBUG_INFO = INCLUDE_SOURCE;
				MTL_FAST_MATH = YES;
				ONLY_ACTIVE_ARCH = YES;
				SDKROOT = iphoneos;
				SWIFT_ACTIVE_COMPILATION_CONDITIONS = DEBUG;
				SWIFT_OPTIMIZATION_LEVEL = "-Onone";
			};
			name = Debug;
		};
		16466A082576CE92005CDAE0 /* Release */ = {
			isa = XCBuildConfiguration;
			buildSettings = {
				ALWAYS_SEARCH_USER_PATHS = NO;
				CLANG_ANALYZER_NONNULL = YES;
				CLANG_ANALYZER_NUMBER_OBJECT_CONVERSION = YES_AGGRESSIVE;
				CLANG_CXX_LANGUAGE_STANDARD = "gnu++14";
				CLANG_CXX_LIBRARY = "libc++";
				CLANG_ENABLE_MODULES = YES;
				CLANG_ENABLE_OBJC_ARC = YES;
				CLANG_ENABLE_OBJC_WEAK = YES;
				CLANG_WARN_BLOCK_CAPTURE_AUTORELEASING = YES;
				CLANG_WARN_BOOL_CONVERSION = YES;
				CLANG_WARN_COMMA = YES;
				CLANG_WARN_CONSTANT_CONVERSION = YES;
				CLANG_WARN_DEPRECATED_OBJC_IMPLEMENTATIONS = YES;
				CLANG_WARN_DIRECT_OBJC_ISA_USAGE = YES_ERROR;
				CLANG_WARN_DOCUMENTATION_COMMENTS = YES;
				CLANG_WARN_EMPTY_BODY = YES;
				CLANG_WARN_ENUM_CONVERSION = YES;
				CLANG_WARN_INFINITE_RECURSION = YES;
				CLANG_WARN_INT_CONVERSION = YES;
				CLANG_WARN_NON_LITERAL_NULL_CONVERSION = YES;
				CLANG_WARN_OBJC_IMPLICIT_RETAIN_SELF = YES;
				CLANG_WARN_OBJC_LITERAL_CONVERSION = YES;
				CLANG_WARN_OBJC_ROOT_CLASS = YES_ERROR;
				CLANG_WARN_QUOTED_INCLUDE_IN_FRAMEWORK_HEADER = YES;
				CLANG_WARN_RANGE_LOOP_ANALYSIS = YES;
				CLANG_WARN_STRICT_PROTOTYPES = YES;
				CLANG_WARN_SUSPICIOUS_MOVE = YES;
				CLANG_WARN_UNGUARDED_AVAILABILITY = YES_AGGRESSIVE;
				CLANG_WARN_UNREACHABLE_CODE = YES;
				CLANG_WARN__DUPLICATE_METHOD_MATCH = YES;
				COPY_PHASE_STRIP = NO;
				DEBUG_INFORMATION_FORMAT = "dwarf-with-dsym";
				ENABLE_NS_ASSERTIONS = NO;
				ENABLE_STRICT_OBJC_MSGSEND = YES;
				GCC_C_LANGUAGE_STANDARD = gnu11;
				GCC_NO_COMMON_BLOCKS = YES;
				GCC_WARN_64_TO_32_BIT_CONVERSION = YES;
				GCC_WARN_ABOUT_RETURN_TYPE = YES_ERROR;
				GCC_WARN_UNDECLARED_SELECTOR = YES;
				GCC_WARN_UNINITIALIZED_AUTOS = YES_AGGRESSIVE;
				GCC_WARN_UNUSED_FUNCTION = YES;
				GCC_WARN_UNUSED_VARIABLE = YES;
				IPHONEOS_DEPLOYMENT_TARGET = 14.2;
				MTL_ENABLE_DEBUG_INFO = NO;
				MTL_FAST_MATH = YES;
				SDKROOT = iphoneos;
				SWIFT_COMPILATION_MODE = wholemodule;
				SWIFT_OPTIMIZATION_LEVEL = "-O";
				VALIDATE_PRODUCT = YES;
			};
			name = Release;
		};
		16466A0A2576CE92005CDAE0 /* Debug */ = {
			isa = XCBuildConfiguration;
			buildSettings = {
				ASSETCATALOG_COMPILER_APPICON_NAME = AppIcon;
				ASSETCATALOG_COMPILER_GLOBAL_ACCENT_COLOR_NAME = AccentColor;
				CODE_SIGN_STYLE = Automatic;
				DEVELOPMENT_ASSET_PATHS = "\"Animaciones/Preview Content\"";
				DEVELOPMENT_TEAM = 6Z8MU97UL5;
				ENABLE_PREVIEWS = YES;
				INFOPLIST_FILE = Animaciones/Info.plist;
				IPHONEOS_DEPLOYMENT_TARGET = 14.0;
				LD_RUNPATH_SEARCH_PATHS = (
					"$(inherited)",
					"@executable_path/Frameworks",
				);
				PRODUCT_BUNDLE_IDENTIFIER = "Jacob-Aguilar.Animaciones";
				PRODUCT_NAME = "$(TARGET_NAME)";
				SWIFT_VERSION = 5.0;
				TARGETED_DEVICE_FAMILY = "1,2";
			};
			name = Debug;
		};
		16466A0B2576CE92005CDAE0 /* Release */ = {
			isa = XCBuildConfiguration;
			buildSettings = {
				ASSETCATALOG_COMPILER_APPICON_NAME = AppIcon;
				ASSETCATALOG_COMPILER_GLOBAL_ACCENT_COLOR_NAME = AccentColor;
				CODE_SIGN_STYLE = Automatic;
				DEVELOPMENT_ASSET_PATHS = "\"Animaciones/Preview Content\"";
				DEVELOPMENT_TEAM = 6Z8MU97UL5;
				ENABLE_PREVIEWS = YES;
				INFOPLIST_FILE = Animaciones/Info.plist;
				IPHONEOS_DEPLOYMENT_TARGET = 14.0;
				LD_RUNPATH_SEARCH_PATHS = (
					"$(inherited)",
					"@executable_path/Frameworks",
				);
				PRODUCT_BUNDLE_IDENTIFIER = "Jacob-Aguilar.Animaciones";
				PRODUCT_NAME = "$(TARGET_NAME)";
				SWIFT_VERSION = 5.0;
				TARGETED_DEVICE_FAMILY = "1,2";
			};
			name = Release;
		};
/* End XCBuildConfiguration section */

/* Begin XCConfigurationList section */
		164669F52576CE92005CDAE0 /* Build configuration list for PBXProject "Animaciones" */ = {
			isa = XCConfigurationList;
			buildConfigurations = (
				16466A072576CE92005CDAE0 /* Debug */,
				16466A082576CE92005CDAE0 /* Release */,
			);
			defaultConfigurationIsVisible = 0;
			defaultConfigurationName = Release;
		};
		16466A092576CE92005CDAE0 /* Build configuration list for PBXNativeTarget "Animaciones" */ = {
			isa = XCConfigurationList;
			buildConfigurations = (
				16466A0A2576CE92005CDAE0 /* Debug */,
				16466A0B2576CE92005CDAE0 /* Release */,
			);
			defaultConfigurationIsVisible = 0;
			defaultConfigurationName = Release;
		};
/* End XCConfigurationList section */
	};
	rootObject = 164669F22576CE92005CDAE0 /* Project object */;
}
